// !$*UTF8*$!
{
	archiveVersion = 1;
	classes = {
	};
	objectVersion = 48;
	objects = {

/* Begin PBXBuildFile section */
		030AC3E520527A3D0095C5D1 /* UITableView+YA.m in Sources */ = {isa = PBXBuildFile; fileRef = 030AC3E420527A3D0095C5D1 /* UITableView+YA.m */; };
		0316808C20070DB800893A93 /* YAKit.h in CopyFiles */ = {isa = PBXBuildFile; fileRef = 0316808920070DB800893A93 /* YAKit.h */; };
		03168099200756C000893A93 /* NSObject+YAComponent.m in Sources */ = {isa = PBXBuildFile; fileRef = 03168098200756C000893A93 /* NSObject+YAComponent.m */; };
		0316809D2007598800893A93 /* YAComponent.m in Sources */ = {isa = PBXBuildFile; fileRef = 0316809C2007598800893A93 /* YAComponent.m */; };
		031680A420075AEE00893A93 /* UIView+YAPresenter.m in Sources */ = {isa = PBXBuildFile; fileRef = 031680A320075AEE00893A93 /* UIView+YAPresenter.m */; };
		031680A720075B0200893A93 /* UIViewController+YAPresenter.m in Sources */ = {isa = PBXBuildFile; fileRef = 031680A620075B0200893A93 /* UIViewController+YAPresenter.m */; };
		0346B7002052710000B4ACEF /* NSObject+YAObserve.m in Sources */ = {isa = PBXBuildFile; fileRef = 0346B6FF2052710000B4ACEF /* NSObject+YAObserve.m */; };
		0383C5332050DA2900BAC5A5 /* NSString+YA.m in Sources */ = {isa = PBXBuildFile; fileRef = 0383C5322050DA2900BAC5A5 /* NSString+YA.m */; };
		0383C5392050DFCF00BAC5A5 /* YATableVCPresenter.m in Sources */ = {isa = PBXBuildFile; fileRef = 0383C5382050DFCF00BAC5A5 /* YATableVCPresenter.m */; };
		0383C53D2050E45500BAC5A5 /* YATableCellPresenter.m in Sources */ = {isa = PBXBuildFile; fileRef = 0383C53C2050E45500BAC5A5 /* YATableCellPresenter.m */; };
		0383C543205106AA00BAC5A5 /* UIView+YA.m in Sources */ = {isa = PBXBuildFile; fileRef = 0383C542205106AA00BAC5A5 /* UIView+YA.m */; };
		0383C546205109DF00BAC5A5 /* YATableViewPresenter.m in Sources */ = {isa = PBXBuildFile; fileRef = 0383C545205109DF00BAC5A5 /* YATableViewPresenter.m */; };
		0383C54920510A8400BAC5A5 /* YAViewPresenter.m in Sources */ = {isa = PBXBuildFile; fileRef = 0383C54820510A8400BAC5A5 /* YAViewPresenter.m */; };
		0383C54D2051153100BAC5A5 /* YACollectionVCPresenter.m in Sources */ = {isa = PBXBuildFile; fileRef = 0383C54C2051153100BAC5A5 /* YACollectionVCPresenter.m */; };
		0383C5502051154A00BAC5A5 /* YACollectionViewPresenter.m in Sources */ = {isa = PBXBuildFile; fileRef = 0383C54F2051154A00BAC5A5 /* YACollectionViewPresenter.m */; };
		0383C55420511CF400BAC5A5 /* YACollectionCellPresenter.m in Sources */ = {isa = PBXBuildFile; fileRef = 0383C55320511CF400BAC5A5 /* YACollectionCellPresenter.m */; };
		0383C55820512D7500BAC5A5 /* YAMatrix2DataSource.m in Sources */ = {isa = PBXBuildFile; fileRef = 0383C55720512D7500BAC5A5 /* YAMatrix2DataSource.m */; };
		0383C55E2051302B00BAC5A5 /* YAMatrix2DataOpTrack.m in Sources */ = {isa = PBXBuildFile; fileRef = 0383C55D2051302B00BAC5A5 /* YAMatrix2DataOpTrack.m */; };
		03C0892520086303009566B4 /* NSObject+YASwizzle.m in Sources */ = {isa = PBXBuildFile; fileRef = 03C0892420086303009566B4 /* NSObject+YASwizzle.m */; };
		C6B99C3F673695CA5A1EEACC /* libPods-YAKit.a in Frameworks */ = {isa = PBXBuildFile; fileRef = 14FD89C96FE47B9D6951AF90 /* libPods-YAKit.a */; };
/* End PBXBuildFile section */

/* Begin PBXCopyFilesBuildPhase section */
		0316808420070DB800893A93 /* CopyFiles */ = {
			isa = PBXCopyFilesBuildPhase;
			buildActionMask = 2147483647;
			dstPath = "include/$(PRODUCT_NAME)";
			dstSubfolderSpec = 16;
			files = (
				0316808C20070DB800893A93 /* YAKit.h in CopyFiles */,
			);
			runOnlyForDeploymentPostprocessing = 0;
		};
/* End PBXCopyFilesBuildPhase section */

/* Begin PBXFileReference section */
		030AC3E320527A3D0095C5D1 /* UITableView+YA.h */ = {isa = PBXFileReference; lastKnownFileType = sourcecode.c.h; path = "UITableView+YA.h"; sourceTree = "<group>"; };
		030AC3E420527A3D0095C5D1 /* UITableView+YA.m */ = {isa = PBXFileReference; lastKnownFileType = sourcecode.c.objc; path = "UITableView+YA.m"; sourceTree = "<group>"; };
		0316808620070DB800893A93 /* libYAKit.a */ = {isa = PBXFileReference; explicitFileType = archive.ar; includeInIndex = 0; path = libYAKit.a; sourceTree = BUILT_PRODUCTS_DIR; };
		0316808920070DB800893A93 /* YAKit.h */ = {isa = PBXFileReference; lastKnownFileType = sourcecode.c.h; path = YAKit.h; sourceTree = "<group>"; };
		03168097200756C000893A93 /* NSObject+YAComponent.h */ = {isa = PBXFileReference; fileEncoding = 4; lastKnownFileType = sourcecode.c.h; path = "NSObject+YAComponent.h"; sourceTree = "<group>"; };
		03168098200756C000893A93 /* NSObject+YAComponent.m */ = {isa = PBXFileReference; fileEncoding = 4; lastKnownFileType = sourcecode.c.objc; path = "NSObject+YAComponent.m"; sourceTree = "<group>"; };
		0316809A2007574F00893A93 /* YAComponentProtocol.h */ = {isa = PBXFileReference; lastKnownFileType = sourcecode.c.h; path = YAComponentProtocol.h; sourceTree = "<group>"; };
		0316809B2007598800893A93 /* YAComponent.h */ = {isa = PBXFileReference; lastKnownFileType = sourcecode.c.h; path = YAComponent.h; sourceTree = "<group>"; };
		0316809C2007598800893A93 /* YAComponent.m */ = {isa = PBXFileReference; lastKnownFileType = sourcecode.c.objc; path = YAComponent.m; sourceTree = "<group>"; };
		031680A020075A8200893A93 /* YAViewPresenterProtocol.h */ = {isa = PBXFileReference; lastKnownFileType = sourcecode.c.h; path = YAViewPresenterProtocol.h; sourceTree = "<group>"; };
		031680A120075A9500893A93 /* YAVCPresenterProtocol.h */ = {isa = PBXFileReference; lastKnownFileType = sourcecode.c.h; path = YAVCPresenterProtocol.h; sourceTree = "<group>"; };
		031680A220075AEE00893A93 /* UIView+YAPresenter.h */ = {isa = PBXFileReference; lastKnownFileType = sourcecode.c.h; path = "UIView+YAPresenter.h"; sourceTree = "<group>"; };
		031680A320075AEE00893A93 /* UIView+YAPresenter.m */ = {isa = PBXFileReference; lastKnownFileType = sourcecode.c.objc; path = "UIView+YAPresenter.m"; sourceTree = "<group>"; };
		031680A520075B0200893A93 /* UIViewController+YAPresenter.h */ = {isa = PBXFileReference; lastKnownFileType = sourcecode.c.h; path = "UIViewController+YAPresenter.h"; sourceTree = "<group>"; };
		031680A620075B0200893A93 /* UIViewController+YAPresenter.m */ = {isa = PBXFileReference; lastKnownFileType = sourcecode.c.objc; path = "UIViewController+YAPresenter.m"; sourceTree = "<group>"; };
		0346B6FE2052710000B4ACEF /* NSObject+YAObserve.h */ = {isa = PBXFileReference; fileEncoding = 4; lastKnownFileType = sourcecode.c.h; path = "NSObject+YAObserve.h"; sourceTree = "<group>"; };
		0346B6FF2052710000B4ACEF /* NSObject+YAObserve.m */ = {isa = PBXFileReference; fileEncoding = 4; lastKnownFileType = sourcecode.c.objc; path = "NSObject+YAObserve.m"; sourceTree = "<group>"; };
		0383C5312050DA2900BAC5A5 /* NSString+YA.h */ = {isa = PBXFileReference; fileEncoding = 4; lastKnownFileType = sourcecode.c.h; path = "NSString+YA.h"; sourceTree = "<group>"; };
		0383C5322050DA2900BAC5A5 /* NSString+YA.m */ = {isa = PBXFileReference; fileEncoding = 4; lastKnownFileType = sourcecode.c.objc; path = "NSString+YA.m"; sourceTree = "<group>"; };
		0383C5342050DA8E00BAC5A5 /* YAMVPProtocol.h */ = {isa = PBXFileReference; lastKnownFileType = sourcecode.c.h; path = YAMVPProtocol.h; sourceTree = "<group>"; };
		0383C5352050DAB400BAC5A5 /* YARoutingProtocol.h */ = {isa = PBXFileReference; lastKnownFileType = sourcecode.c.h; path = YARoutingProtocol.h; sourceTree = "<group>"; };
		0383C5362050DF5800BAC5A5 /* YATableViewPresenterProtocol.h */ = {isa = PBXFileReference; lastKnownFileType = sourcecode.c.h; path = YATableViewPresenterProtocol.h; sourceTree = "<group>"; };
		0383C5372050DFCF00BAC5A5 /* YATableVCPresenter.h */ = {isa = PBXFileReference; lastKnownFileType = sourcecode.c.h; path = YATableVCPresenter.h; sourceTree = "<group>"; };
		0383C5382050DFCF00BAC5A5 /* YATableVCPresenter.m */ = {isa = PBXFileReference; lastKnownFileType = sourcecode.c.objc; path = YATableVCPresenter.m; sourceTree = "<group>"; };
		0383C53A2050E31B00BAC5A5 /* YACellPresenterProtocol.h */ = {isa = PBXFileReference; lastKnownFileType = sourcecode.c.h; path = YACellPresenterProtocol.h; sourceTree = "<group>"; };
		0383C53B2050E45500BAC5A5 /* YATableCellPresenter.h */ = {isa = PBXFileReference; lastKnownFileType = sourcecode.c.h; path = YATableCellPresenter.h; sourceTree = "<group>"; };
		0383C53C2050E45500BAC5A5 /* YATableCellPresenter.m */ = {isa = PBXFileReference; lastKnownFileType = sourcecode.c.objc; path = YATableCellPresenter.m; sourceTree = "<group>"; };
		0383C53E2050E6CA00BAC5A5 /* YAViewPresenterRequiredProtocol.h */ = {isa = PBXFileReference; lastKnownFileType = sourcecode.c.h; path = YAViewPresenterRequiredProtocol.h; sourceTree = "<group>"; };
		0383C53F2050E76200BAC5A5 /* YACellPresenterRequiredProtocol.h */ = {isa = PBXFileReference; lastKnownFileType = sourcecode.c.h; path = YACellPresenterRequiredProtocol.h; sourceTree = "<group>"; };
		0383C541205106AA00BAC5A5 /* UIView+YA.h */ = {isa = PBXFileReference; lastKnownFileType = sourcecode.c.h; path = "UIView+YA.h"; sourceTree = "<group>"; };
		0383C542205106AA00BAC5A5 /* UIView+YA.m */ = {isa = PBXFileReference; lastKnownFileType = sourcecode.c.objc; path = "UIView+YA.m"; sourceTree = "<group>"; };
		0383C544205109DF00BAC5A5 /* YATableViewPresenter.h */ = {isa = PBXFileReference; lastKnownFileType = sourcecode.c.h; path = YATableViewPresenter.h; sourceTree = "<group>"; };
		0383C545205109DF00BAC5A5 /* YATableViewPresenter.m */ = {isa = PBXFileReference; lastKnownFileType = sourcecode.c.objc; path = YATableViewPresenter.m; sourceTree = "<group>"; };
		0383C54720510A8400BAC5A5 /* YAViewPresenter.h */ = {isa = PBXFileReference; lastKnownFileType = sourcecode.c.h; path = YAViewPresenter.h; sourceTree = "<group>"; };
		0383C54820510A8400BAC5A5 /* YAViewPresenter.m */ = {isa = PBXFileReference; lastKnownFileType = sourcecode.c.objc; path = YAViewPresenter.m; sourceTree = "<group>"; };
		0383C54A2051149600BAC5A5 /* YAScrollViewPresenterProtocol.h */ = {isa = PBXFileReference; lastKnownFileType = sourcecode.c.h; path = YAScrollViewPresenterProtocol.h; sourceTree = "<group>"; };
		0383C54B2051153100BAC5A5 /* YACollectionVCPresenter.h */ = {isa = PBXFileReference; lastKnownFileType = sourcecode.c.h; path = YACollectionVCPresenter.h; sourceTree = "<group>"; };
		0383C54C2051153100BAC5A5 /* YACollectionVCPresenter.m */ = {isa = PBXFileReference; lastKnownFileType = sourcecode.c.objc; path = YACollectionVCPresenter.m; sourceTree = "<group>"; };
		0383C54E2051154A00BAC5A5 /* YACollectionViewPresenter.h */ = {isa = PBXFileReference; lastKnownFileType = sourcecode.c.h; path = YACollectionViewPresenter.h; sourceTree = "<group>"; };
		0383C54F2051154A00BAC5A5 /* YACollectionViewPresenter.m */ = {isa = PBXFileReference; lastKnownFileType = sourcecode.c.objc; path = YACollectionViewPresenter.m; sourceTree = "<group>"; };
		0383C551205119D600BAC5A5 /* YACollectionViewPresenterProtocol.h */ = {isa = PBXFileReference; lastKnownFileType = sourcecode.c.h; path = YACollectionViewPresenterProtocol.h; sourceTree = "<group>"; };
		0383C55220511CF400BAC5A5 /* YACollectionCellPresenter.h */ = {isa = PBXFileReference; lastKnownFileType = sourcecode.c.h; path = YACollectionCellPresenter.h; sourceTree = "<group>"; };
		0383C55320511CF400BAC5A5 /* YACollectionCellPresenter.m */ = {isa = PBXFileReference; lastKnownFileType = sourcecode.c.objc; path = YACollectionCellPresenter.m; sourceTree = "<group>"; };
		0383C55620512D7500BAC5A5 /* YAMatrix2DataSource.h */ = {isa = PBXFileReference; lastKnownFileType = sourcecode.c.h; path = YAMatrix2DataSource.h; sourceTree = "<group>"; };
		0383C55720512D7500BAC5A5 /* YAMatrix2DataSource.m */ = {isa = PBXFileReference; lastKnownFileType = sourcecode.c.objc; path = YAMatrix2DataSource.m; sourceTree = "<group>"; };
		0383C55C2051302B00BAC5A5 /* YAMatrix2DataOpTrack.h */ = {isa = PBXFileReference; lastKnownFileType = sourcecode.c.h; path = YAMatrix2DataOpTrack.h; sourceTree = "<group>"; };
		0383C55D2051302B00BAC5A5 /* YAMatrix2DataOpTrack.m */ = {isa = PBXFileReference; lastKnownFileType = sourcecode.c.objc; path = YAMatrix2DataOpTrack.m; sourceTree = "<group>"; };
		03C0892320086303009566B4 /* NSObject+YASwizzle.h */ = {isa = PBXFileReference; lastKnownFileType = sourcecode.c.h; path = "NSObject+YASwizzle.h"; sourceTree = "<group>"; };
		03C0892420086303009566B4 /* NSObject+YASwizzle.m */ = {isa = PBXFileReference; lastKnownFileType = sourcecode.c.objc; path = "NSObject+YASwizzle.m"; sourceTree = "<group>"; };
		0F4F62CFE70A69659C16A76B /* Pods-YAKit.release.xcconfig */ = {isa = PBXFileReference; includeInIndex = 1; lastKnownFileType = text.xcconfig; name = "Pods-YAKit.release.xcconfig"; path = "Pods/Target Support Files/Pods-YAKit/Pods-YAKit.release.xcconfig"; sourceTree = "<group>"; };
		14FD89C96FE47B9D6951AF90 /* libPods-YAKit.a */ = {isa = PBXFileReference; explicitFileType = archive.ar; includeInIndex = 0; path = "libPods-YAKit.a"; sourceTree = BUILT_PRODUCTS_DIR; };
		750696E37EA9EF8F40963F3A /* Pods-YAKit.debug.xcconfig */ = {isa = PBXFileReference; includeInIndex = 1; lastKnownFileType = text.xcconfig; name = "Pods-YAKit.debug.xcconfig"; path = "Pods/Target Support Files/Pods-YAKit/Pods-YAKit.debug.xcconfig"; sourceTree = "<group>"; };
/* End PBXFileReference section */

/* Begin PBXFrameworksBuildPhase section */
		0316808320070DB800893A93 /* Frameworks */ = {
			isa = PBXFrameworksBuildPhase;
			buildActionMask = 2147483647;
			files = (
				C6B99C3F673695CA5A1EEACC /* libPods-YAKit.a in Frameworks */,
			);
			runOnlyForDeploymentPostprocessing = 0;
		};
/* End PBXFrameworksBuildPhase section */

/* Begin PBXGroup section */
		0316807D20070DB800893A93 = {
			isa = PBXGroup;
			children = (
				0316808820070DB800893A93 /* YAKit */,
				0316808720070DB800893A93 /* Products */,
				9B5FDAEEA59B344FFE652563 /* Pods */,
				14F5F80AC9C6834B50B9A73B /* Frameworks */,
			);
			sourceTree = "<group>";
		};
		0316808720070DB800893A93 /* Products */ = {
			isa = PBXGroup;
			children = (
				0316808620070DB800893A93 /* libYAKit.a */,
			);
			name = Products;
			sourceTree = "<group>";
		};
		0316808820070DB800893A93 /* YAKit */ = {
			isa = PBXGroup;
			children = (
				0316809E20075A4000893A93 /* UIKit */,
				031680922007564200893A93 /* Foundation */,
				0316808920070DB800893A93 /* YAKit.h */,
			);
			path = YAKit;
			sourceTree = "<group>";
		};
		031680922007564200893A93 /* Foundation */ = {
			isa = PBXGroup;
			children = (
				0346B6FD2052710000B4ACEF /* Observe */,
				0383C5302050DA2900BAC5A5 /* Category */,
				03C08922200862E5009566B4 /* Swizzle */,
				03168096200756C000893A93 /* Architecture */,
			);
			path = Foundation;
			sourceTree = "<group>";
		};
		03168096200756C000893A93 /* Architecture */ = {
			isa = PBXGroup;
			children = (
				03168097200756C000893A93 /* NSObject+YAComponent.h */,
				03168098200756C000893A93 /* NSObject+YAComponent.m */,
				0316809A2007574F00893A93 /* YAComponentProtocol.h */,
				0316809B2007598800893A93 /* YAComponent.h */,
				0316809C2007598800893A93 /* YAComponent.m */,
			);
			path = Architecture;
			sourceTree = "<group>";
		};
		0316809E20075A4000893A93 /* UIKit */ = {
			isa = PBXGroup;
			children = (
				0383C55520512D0F00BAC5A5 /* DataSource */,
				0383C5402051069500BAC5A5 /* Category */,
				0316809F20075A5B00893A93 /* Presenter */,
			);
			path = UIKit;
			sourceTree = "<group>";
		};
		0316809F20075A5B00893A93 /* Presenter */ = {
			isa = PBXGroup;
			children = (
				031680A020075A8200893A93 /* YAViewPresenterProtocol.h */,
				0383C53E2050E6CA00BAC5A5 /* YAViewPresenterRequiredProtocol.h */,
				031680A120075A9500893A93 /* YAVCPresenterProtocol.h */,
				031680A220075AEE00893A93 /* UIView+YAPresenter.h */,
				031680A320075AEE00893A93 /* UIView+YAPresenter.m */,
				031680A520075B0200893A93 /* UIViewController+YAPresenter.h */,
				031680A620075B0200893A93 /* UIViewController+YAPresenter.m */,
				0383C5342050DA8E00BAC5A5 /* YAMVPProtocol.h */,
				0383C5352050DAB400BAC5A5 /* YARoutingProtocol.h */,
				0383C54720510A8400BAC5A5 /* YAViewPresenter.h */,
				0383C54820510A8400BAC5A5 /* YAViewPresenter.m */,
				0383C54A2051149600BAC5A5 /* YAScrollViewPresenterProtocol.h */,
				0383C53A2050E31B00BAC5A5 /* YACellPresenterProtocol.h */,
				0383C53F2050E76200BAC5A5 /* YACellPresenterRequiredProtocol.h */,
				0383C53B2050E45500BAC5A5 /* YATableCellPresenter.h */,
				0383C53C2050E45500BAC5A5 /* YATableCellPresenter.m */,
				0383C5362050DF5800BAC5A5 /* YATableViewPresenterProtocol.h */,
				0383C5372050DFCF00BAC5A5 /* YATableVCPresenter.h */,
				0383C5382050DFCF00BAC5A5 /* YATableVCPresenter.m */,
				0383C544205109DF00BAC5A5 /* YATableViewPresenter.h */,
				0383C545205109DF00BAC5A5 /* YATableViewPresenter.m */,
				0383C551205119D600BAC5A5 /* YACollectionViewPresenterProtocol.h */,
				0383C55220511CF400BAC5A5 /* YACollectionCellPresenter.h */,
				0383C55320511CF400BAC5A5 /* YACollectionCellPresenter.m */,
				0383C54B2051153100BAC5A5 /* YACollectionVCPresenter.h */,
				0383C54C2051153100BAC5A5 /* YACollectionVCPresenter.m */,
				0383C54E2051154A00BAC5A5 /* YACollectionViewPresenter.h */,
				0383C54F2051154A00BAC5A5 /* YACollectionViewPresenter.m */,
			);
			path = Presenter;
			sourceTree = "<group>";
		};
		0346B6FD2052710000B4ACEF /* Observe */ = {
			isa = PBXGroup;
			children = (
				0346B6FE2052710000B4ACEF /* NSObject+YAObserve.h */,
				0346B6FF2052710000B4ACEF /* NSObject+YAObserve.m */,
			);
			path = Observe;
			sourceTree = "<group>";
		};
		0383C5302050DA2900BAC5A5 /* Category */ = {
			isa = PBXGroup;
			children = (
				0383C5312050DA2900BAC5A5 /* NSString+YA.h */,
				0383C5322050DA2900BAC5A5 /* NSString+YA.m */,
			);
			path = Category;
			sourceTree = "<group>";
		};
		0383C5402051069500BAC5A5 /* Category */ = {
			isa = PBXGroup;
			children = (
				0383C541205106AA00BAC5A5 /* UIView+YA.h */,
				0383C542205106AA00BAC5A5 /* UIView+YA.m */,
				030AC3E320527A3D0095C5D1 /* UITableView+YA.h */,
				030AC3E420527A3D0095C5D1 /* UITableView+YA.m */,
			);
			path = Category;
			sourceTree = "<group>";
		};
		0383C55520512D0F00BAC5A5 /* DataSource */ = {
			isa = PBXGroup;
			children = (
				0383C55620512D7500BAC5A5 /* YAMatrix2DataSource.h */,
				0383C55720512D7500BAC5A5 /* YAMatrix2DataSource.m */,
				0383C55C2051302B00BAC5A5 /* YAMatrix2DataOpTrack.h */,
				0383C55D2051302B00BAC5A5 /* YAMatrix2DataOpTrack.m */,
			);
			path = DataSource;
			sourceTree = "<group>";
		};
		03C08922200862E5009566B4 /* Swizzle */ = {
			isa = PBXGroup;
			children = (
				03C0892320086303009566B4 /* NSObject+YASwizzle.h */,
				03C0892420086303009566B4 /* NSObject+YASwizzle.m */,
			);
			path = Swizzle;
			sourceTree = "<group>";
		};
		14F5F80AC9C6834B50B9A73B /* Frameworks */ = {
			isa = PBXGroup;
			children = (
				14FD89C96FE47B9D6951AF90 /* libPods-YAKit.a */,
			);
			name = Frameworks;
			sourceTree = "<group>";
		};
		9B5FDAEEA59B344FFE652563 /* Pods */ = {
			isa = PBXGroup;
			children = (
				750696E37EA9EF8F40963F3A /* Pods-YAKit.debug.xcconfig */,
				0F4F62CFE70A69659C16A76B /* Pods-YAKit.release.xcconfig */,
			);
			name = Pods;
			sourceTree = "<group>";
		};
/* End PBXGroup section */

/* Begin PBXNativeTarget section */
		0316808520070DB800893A93 /* YAKit */ = {
			isa = PBXNativeTarget;
			buildConfigurationList = 0316808F20070DB800893A93 /* Build configuration list for PBXNativeTarget "YAKit" */;
			buildPhases = (
				2FA91E353848472E228D8308 /* [CP] Check Pods Manifest.lock */,
				0316808220070DB800893A93 /* Sources */,
				0316808320070DB800893A93 /* Frameworks */,
				0316808420070DB800893A93 /* CopyFiles */,
				437A389E3FD9A2CD8107D28D /* [CP] Copy Pods Resources */,
			);
			buildRules = (
			);
			dependencies = (
			);
			name = YAKit;
			productName = YAKit;
			productReference = 0316808620070DB800893A93 /* libYAKit.a */;
			productType = "com.apple.product-type.library.static";
		};
/* End PBXNativeTarget section */

/* Begin PBXProject section */
		0316807E20070DB800893A93 /* Project object */ = {
			isa = PBXProject;
			attributes = {
				LastUpgradeCheck = 0920;
				ORGANIZATIONNAME = "徐晖";
				TargetAttributes = {
					0316808520070DB800893A93 = {
						CreatedOnToolsVersion = 9.2;
						ProvisioningStyle = Automatic;
					};
				};
			};
			buildConfigurationList = 0316808120070DB800893A93 /* Build configuration list for PBXProject "YAKit" */;
			compatibilityVersion = "Xcode 8.0";
			developmentRegion = en;
			hasScannedForEncodings = 0;
			knownRegions = (
				en,
			);
			mainGroup = 0316807D20070DB800893A93;
			productRefGroup = 0316808720070DB800893A93 /* Products */;
			projectDirPath = "";
			projectRoot = "";
			targets = (
				0316808520070DB800893A93 /* YAKit */,
			);
		};
/* End PBXProject section */

/* Begin PBXShellScriptBuildPhase section */
		2FA91E353848472E228D8308 /* [CP] Check Pods Manifest.lock */ = {
			isa = PBXShellScriptBuildPhase;
			buildActionMask = 2147483647;
			files = (
			);
			inputPaths = (
				"${PODS_PODFILE_DIR_PATH}/Podfile.lock",
				"${PODS_ROOT}/Manifest.lock",
			);
			name = "[CP] Check Pods Manifest.lock";
			outputPaths = (
				"$(DERIVED_FILE_DIR)/Pods-YAKit-checkManifestLockResult.txt",
			);
			runOnlyForDeploymentPostprocessing = 0;
			shellPath = /bin/sh;
			shellScript = "diff \"${PODS_PODFILE_DIR_PATH}/Podfile.lock\" \"${PODS_ROOT}/Manifest.lock\" > /dev/null\nif [ $? != 0 ] ; then\n    # print error to STDERR\n    echo \"error: The sandbox is not in sync with the Podfile.lock. Run 'pod install' or update your CocoaPods installation.\" >&2\n    exit 1\nfi\n# This output is used by Xcode 'outputs' to avoid re-running this script phase.\necho \"SUCCESS\" > \"${SCRIPT_OUTPUT_FILE_0}\"\n";
			showEnvVarsInLog = 0;
		};
		437A389E3FD9A2CD8107D28D /* [CP] Copy Pods Resources */ = {
			isa = PBXShellScriptBuildPhase;
			buildActionMask = 2147483647;
			files = (
			);
			inputPaths = (
			);
			name = "[CP] Copy Pods Resources";
			outputPaths = (
			);
			runOnlyForDeploymentPostprocessing = 0;
			shellPath = /bin/sh;
			shellScript = "\"${SRCROOT}/Pods/Target Support Files/Pods-YAKit/Pods-YAKit-resources.sh\"\n";
			showEnvVarsInLog = 0;
		};
/* End PBXShellScriptBuildPhase section */

/* Begin PBXSourcesBuildPhase section */
		0316808220070DB800893A93 /* Sources */ = {
			isa = PBXSourcesBuildPhase;
			buildActionMask = 2147483647;
			files = (
				03C0892520086303009566B4 /* NSObject+YASwizzle.m in Sources */,
				0383C5332050DA2900BAC5A5 /* NSString+YA.m in Sources */,
				0383C55420511CF400BAC5A5 /* YACollectionCellPresenter.m in Sources */,
				03168099200756C000893A93 /* NSObject+YAComponent.m in Sources */,
				0383C53D2050E45500BAC5A5 /* YATableCellPresenter.m in Sources */,
				031680A420075AEE00893A93 /* UIView+YAPresenter.m in Sources */,
				0316809D2007598800893A93 /* YAComponent.m in Sources */,
				0383C5392050DFCF00BAC5A5 /* YATableVCPresenter.m in Sources */,
				0383C543205106AA00BAC5A5 /* UIView+YA.m in Sources */,
				0346B7002052710000B4ACEF /* NSObject+YAObserve.m in Sources */,
				0383C546205109DF00BAC5A5 /* YATableViewPresenter.m in Sources */,
				0383C5502051154A00BAC5A5 /* YACollectionViewPresenter.m in Sources */,
				0383C54920510A8400BAC5A5 /* YAViewPresenter.m in Sources */,
				030AC3E520527A3D0095C5D1 /* UITableView+YA.m in Sources */,
				0383C55820512D7500BAC5A5 /* YAMatrix2DataSource.m in Sources */,
				031680A720075B0200893A93 /* UIViewController+YAPresenter.m in Sources */,
				0383C54D2051153100BAC5A5 /* YACollectionVCPresenter.m in Sources */,
				0383C55E2051302B00BAC5A5 /* YAMatrix2DataOpTrack.m in Sources */,
			);
			runOnlyForDeploymentPostprocessing = 0;
		};
/* End PBXSourcesBuildPhase section */

/* Begin XCBuildConfiguration section */
		0316808D20070DB800893A93 /* Debug */ = {
			isa = XCBuildConfiguration;
			buildSettings = {
				ALWAYS_SEARCH_USER_PATHS = NO;
				CLANG_ANALYZER_NONNULL = YES;
				CLANG_ANALYZER_NUMBER_OBJECT_CONVERSION = YES_AGGRESSIVE;
				CLANG_CXX_LANGUAGE_STANDARD = "gnu++14";
				CLANG_CXX_LIBRARY = "libc++";
				CLANG_ENABLE_MODULES = YES;
				CLANG_ENABLE_OBJC_ARC = YES;
				CLANG_WARN_BLOCK_CAPTURE_AUTORELEASING = YES;
				CLANG_WARN_BOOL_CONVERSION = YES;
				CLANG_WARN_COMMA = YES;
				CLANG_WARN_CONSTANT_CONVERSION = YES;
				CLANG_WARN_DIRECT_OBJC_ISA_USAGE = YES_ERROR;
				CLANG_WARN_DOCUMENTATION_COMMENTS = YES;
				CLANG_WARN_EMPTY_BODY = YES;
				CLANG_WARN_ENUM_CONVERSION = YES;
				CLANG_WARN_INFINITE_RECURSION = YES;
				CLANG_WARN_INT_CONVERSION = YES;
				CLANG_WARN_NON_LITERAL_NULL_CONVERSION = YES;
				CLANG_WARN_OBJC_LITERAL_CONVERSION = YES;
				CLANG_WARN_OBJC_ROOT_CLASS = YES_ERROR;
				CLANG_WARN_RANGE_LOOP_ANALYSIS = YES;
				CLANG_WARN_STRICT_PROTOTYPES = YES;
				CLANG_WARN_SUSPICIOUS_MOVE = YES;
				CLANG_WARN_UNGUARDED_AVAILABILITY = YES_AGGRESSIVE;
				CLANG_WARN_UNREACHABLE_CODE = YES;
				CLANG_WARN__DUPLICATE_METHOD_MATCH = YES;
				CODE_SIGN_IDENTITY = "iPhone Developer";
				COPY_PHASE_STRIP = NO;
				DEBUG_INFORMATION_FORMAT = dwarf;
				ENABLE_STRICT_OBJC_MSGSEND = YES;
				ENABLE_TESTABILITY = YES;
				GCC_C_LANGUAGE_STANDARD = gnu11;
				GCC_DYNAMIC_NO_PIC = NO;
				GCC_NO_COMMON_BLOCKS = YES;
				GCC_OPTIMIZATION_LEVEL = 0;
				GCC_PREPROCESSOR_DEFINITIONS = (
					"DEBUG=1",
					"$(inherited)",
				);
				GCC_WARN_64_TO_32_BIT_CONVERSION = YES;
				GCC_WARN_ABOUT_RETURN_TYPE = YES_ERROR;
				GCC_WARN_UNDECLARED_SELECTOR = YES;
				GCC_WARN_UNINITIALIZED_AUTOS = YES_AGGRESSIVE;
				GCC_WARN_UNUSED_FUNCTION = YES;
				GCC_WARN_UNUSED_VARIABLE = YES;
				IPHONEOS_DEPLOYMENT_TARGET = 11.2;
				MTL_ENABLE_DEBUG_INFO = YES;
				ONLY_ACTIVE_ARCH = YES;
				SDKROOT = iphoneos;
			};
			name = Debug;
		};
		0316808E20070DB800893A93 /* Release */ = {
			isa = XCBuildConfiguration;
			buildSettings = {
				ALWAYS_SEARCH_USER_PATHS = NO;
				CLANG_ANALYZER_NONNULL = YES;
				CLANG_ANALYZER_NUMBER_OBJECT_CONVERSION = YES_AGGRESSIVE;
				CLANG_CXX_LANGUAGE_STANDARD = "gnu++14";
				CLANG_CXX_LIBRARY = "libc++";
				CLANG_ENABLE_MODULES = YES;
				CLANG_ENABLE_OBJC_ARC = YES;
				CLANG_WARN_BLOCK_CAPTURE_AUTORELEASING = YES;
				CLANG_WARN_BOOL_CONVERSION = YES;
				CLANG_WARN_COMMA = YES;
				CLANG_WARN_CONSTANT_CONVERSION = YES;
				CLANG_WARN_DIRECT_OBJC_ISA_USAGE = YES_ERROR;
				CLANG_WARN_DOCUMENTATION_COMMENTS = YES;
				CLANG_WARN_EMPTY_BODY = YES;
				CLANG_WARN_ENUM_CONVERSION = YES;
				CLANG_WARN_INFINITE_RECURSION = YES;
				CLANG_WARN_INT_CONVERSION = YES;
				CLANG_WARN_NON_LITERAL_NULL_CONVERSION = YES;
				CLANG_WARN_OBJC_LITERAL_CONVERSION = YES;
				CLANG_WARN_OBJC_ROOT_CLASS = YES_ERROR;
				CLANG_WARN_RANGE_LOOP_ANALYSIS = YES;
				CLANG_WARN_STRICT_PROTOTYPES = YES;
				CLANG_WARN_SUSPICIOUS_MOVE = YES;
				CLANG_WARN_UNGUARDED_AVAILABILITY = YES_AGGRESSIVE;
				CLANG_WARN_UNREACHABLE_CODE = YES;
				CLANG_WARN__DUPLICATE_METHOD_MATCH = YES;
				CODE_SIGN_IDENTITY = "iPhone Developer";
				COPY_PHASE_STRIP = NO;
				DEBUG_INFORMATION_FORMAT = "dwarf-with-dsym";
				ENABLE_NS_ASSERTIONS = NO;
				ENABLE_STRICT_OBJC_MSGSEND = YES;
				GCC_C_LANGUAGE_STANDARD = gnu11;
				GCC_NO_COMMON_BLOCKS = YES;
				GCC_WARN_64_TO_32_BIT_CONVERSION = YES;
				GCC_WARN_ABOUT_RETURN_TYPE = YES_ERROR;
				GCC_WARN_UNDECLARED_SELECTOR = YES;
				GCC_WARN_UNINITIALIZED_AUTOS = YES_AGGRESSIVE;
				GCC_WARN_UNUSED_FUNCTION = YES;
				GCC_WARN_UNUSED_VARIABLE = YES;
				IPHONEOS_DEPLOYMENT_TARGET = 11.2;
				MTL_ENABLE_DEBUG_INFO = NO;
				SDKROOT = iphoneos;
				VALIDATE_PRODUCT = YES;
			};
			name = Release;
		};
		0316809020070DB800893A93 /* Debug */ = {
			isa = XCBuildConfiguration;
			baseConfigurationReference = 750696E37EA9EF8F40963F3A /* Pods-YAKit.debug.xcconfig */;
			buildSettings = {
				CODE_SIGN_STYLE = Automatic;
				DEVELOPMENT_TEAM = SAH4Y68J6G;
				OTHER_LDFLAGS = "-ObjC";
				PRODUCT_NAME = "$(TARGET_NAME)";
				SKIP_INSTALL = YES;
				TARGETED_DEVICE_FAMILY = "1,2";
			};
			name = Debug;
		};
		0316809120070DB800893A93 /* Release */ = {
			isa = XCBuildConfiguration;
			baseConfigurationReference = 0F4F62CFE70A69659C16A76B /* Pods-YAKit.release.xcconfig */;
			buildSettings = {
				CODE_SIGN_STYLE = Automatic;
				DEVELOPMENT_TEAM = SAH4Y68J6G;
				OTHER_LDFLAGS = "-ObjC";
				PRODUCT_NAME = "$(TARGET_NAME)";
				SKIP_INSTALL = YES;
				TARGETED_DEVICE_FAMILY = "1,2";
			};
			name = Release;
		};
/* End XCBuildConfiguration section */

/* Begin XCConfigurationList section */
		0316808120070DB800893A93 /* Build configuration list for PBXProject "YAKit" */ = {
			isa = XCConfigurationList;
			buildConfigurations = (
				0316808D20070DB800893A93 /* Debug */,
				0316808E20070DB800893A93 /* Release */,
			);
			defaultConfigurationIsVisible = 0;
			defaultConfigurationName = Release;
		};
		0316808F20070DB800893A93 /* Build configuration list for PBXNativeTarget "YAKit" */ = {
			isa = XCConfigurationList;
			buildConfigurations = (
				0316809020070DB800893A93 /* Debug */,
				0316809120070DB800893A93 /* Release */,
			);
			defaultConfigurationIsVisible = 0;
			defaultConfigurationName = Release;
		};
/* End XCConfigurationList section */
	};
	rootObject = 0316807E20070DB800893A93 /* Project object */;
}
